hash: 3913699eb2a90e0236b222dc9a08dbed9f3ebdbbd59be93cf29e8a4565bf66cc
updated: 2016-10-14T20:23:40.689696063-06:00
imports:
- name: github.com/kr/pty
  version: ce7fa45920dc37a92de8377972e52bc55ffa8d57
- name: github.com/samuelngs/universe
  version: cf07a771f60375d7491042c8e4aca927001213ab
  subpackages:
  - sshd
- name: golang.org/x/crypto
  version: 5f31782cfb2b6373211f8f9fbf31283fa234b570
  subpackages:
  - curve25519
  - ed25519
  - ed25519/internal/edwards25519
  - ssh
testImports: []
